
Microsoft Visual Studio Solution File, Format Version 12.00
# Visual Studio 2012
Project("{FAE04EC0-301F-11D3-BF4B-00C04F79EFBC}") = "MVC_Errors", "MVC_Errors\MVC_Errors.csproj", "{D8DAF697-3E3D-44A2-89EB-28279620016F}"
EndProject
Global
	GlobalSection(SolutionConfigurationPlatforms) = preSolution
		Debug|Any CPU = Debug|Any CPU
		Release|Any CPU = Release|Any CPU
	EndGlobalSection
	GlobalSection(ProjectConfigurationPlatforms) = postSolution
		{D8DAF697-3E3D-44A2-89EB-28279620016F}.Debug|Any CPU.ActiveCfg = Debug|Any CPU
		{D8DAF697-3E3D-44A2-89EB-28279620016F}.Debug|Any CPU.Build.0 = Debug|Any CPU
		{D8DAF697-3E3D-44A2-89EB-28279620016F}.Release|Any CPU.ActiveCfg = Release|Any CPU
		{D8DAF697-3E3D-44A2-89EB-28279620016F}.Release|Any CPU.Build.0 = Release|Any CPU
	EndGlobalSection
	GlobalSection(SolutionProperties) = preSolution
		HideSolutionNode = FALSE
	EndGlobalSection
EndGlobal
